
Microsoft Visual Studio Solution File, Format Version 12.00
# Visual Studio 2012
Project("{FAE04EC0-301F-11D3-BF4B-00C04F79EFBC}") = "MvcApplication7", "MvcApplication7\MvcApplication7.csproj", "{C44257E3-B28E-42CD-8D93-6634A51F4E20}"
EndProject
Global
	GlobalSection(SolutionConfigurationPlatforms) = preSolution
		Debug|Any CPU = Debug|Any CPU
		Release|Any CPU = Release|Any CPU
	EndGlobalSection
	GlobalSection(ProjectConfigurationPlatforms) = postSolution
		{C44257E3-B28E-42CD-8D93-6634A51F4E20}.Debug|Any CPU.ActiveCfg = Debug|Any CPU
		{C44257E3-B28E-42CD-8D93-6634A51F4E20}.Debug|Any CPU.Build.0 = Debug|Any CPU
		{C44257E3-B28E-42CD-8D93-6634A51F4E20}.Release|Any CPU.ActiveCfg = Release|Any CPU
		{C44257E3-B28E-42CD-8D93-6634A51F4E20}.Release|Any CPU.Build.0 = Release|Any CPU
	EndGlobalSection
	GlobalSection(SolutionProperties) = preSolution
		HideSolutionNode = FALSE
	EndGlobalSection
EndGlobal
